{
  "name": "@edgeros/resolve",
  "version": "1.0.1",
  "lockfileVersion": 2,
  "requires": true,
  "packages": {
    "": {
      "name": "@edgeros/resolve",
      "version": "1.0.1",
      "license": "Apache-2.0",
      "devDependencies": {
        "@edgeros/jsre-types": "^0.1.1"
      }
    },
    "node_modules/@edgeros/jsre-types": {
      "version": "0.1.1",
      "resolved": "http://registry.epm.edgeros.com/@edgeros/jsre-types/download/@edgeros/jsre-types-0.1.1.tgz",
      "integrity": "sha1-9tGpFm+VtvBmY4wJzUJpErnGBHw=",
      "dev": true,
      "license": "Apache-2.0"
    }
  },
  "dependencies": {
    "@edgeros/jsre-types": {
      "version": "0.1.1",
      "resolved": "http://registry.epm.edgeros.com/@edgeros/jsre-types/download/@edgeros/jsre-types-0.1.1.tgz",
      "integrity": "sha1-9tGpFm+VtvBmY4wJzUJpErnGBHw=",
      "dev": true
    }
  }
}
